
Microsoft Visual Studio Solution File, Format Version 9.00
# Visual Studio 2005
Project("{FAE04EC0-301F-11D3-BF4B-00C04F79EFBC}") = "SimpleService", "SimpleService.csproj", "{4FA48AAE-5EF8-4BD1-A222-D47B5243FD7F}"
EndProject
Global
	GlobalSection(SolutionConfigurationPlatforms) = preSolution
		Debug|Any CPU = Debug|Any CPU
		Release|Any CPU = Release|Any CPU
	EndGlobalSection
	GlobalSection(ProjectConfigurationPlatforms) = postSolution
		{4FA48AAE-5EF8-4BD1-A222-D47B5243FD7F}.Debug|Any CPU.ActiveCfg = Debug|Any CPU
		{4FA48AAE-5EF8-4BD1-A222-D47B5243FD7F}.Debug|Any CPU.Build.0 = Debug|Any CPU
		{4FA48AAE-5EF8-4BD1-A222-D47B5243FD7F}.Release|Any CPU.ActiveCfg = Release|Any CPU
		{4FA48AAE-5EF8-4BD1-A222-D47B5243FD7F}.Release|Any CPU.Build.0 = Release|Any CPU
	EndGlobalSection
	GlobalSection(SolutionProperties) = preSolution
		HideSolutionNode = FALSE
	EndGlobalSection
EndGlobal
