Microsoft Visual Studio Solution File, Format Version 8.00
Project("{F184B08F-C81C-45F6-A57F-5ABD9991F28F}") = "SimpleService", "SimpleService.vbproj", "{FE8A030D-3639-4948-B829-38A6691CEED0}"
	ProjectSection(ProjectDependencies) = postProject
	EndProjectSection
EndProject
Global
	GlobalSection(SolutionConfiguration) = preSolution
		Debug = Debug
		Release = Release
	EndGlobalSection
	GlobalSection(ProjectConfiguration) = postSolution
		{FE8A030D-3639-4948-B829-38A6691CEED0}.Debug.ActiveCfg = Debug|.NET
		{FE8A030D-3639-4948-B829-38A6691CEED0}.Debug.Build.0 = Debug|.NET
		{FE8A030D-3639-4948-B829-38A6691CEED0}.Release.ActiveCfg = Release|.NET
		{FE8A030D-3639-4948-B829-38A6691CEED0}.Release.Build.0 = Release|.NET
	EndGlobalSection
	GlobalSection(ExtensibilityGlobals) = postSolution
	EndGlobalSection
	GlobalSection(ExtensibilityAddIns) = postSolution
	EndGlobalSection
EndGlobal
