Microsoft Visual Studio Solution File, Format Version 8.00
Project("{FAE04EC0-301F-11D3-BF4B-00C04F79EFBC}") = "NetworkScanner", "NetworkScanner.csproj", "{9BF28436-A69F-4E44-989F-44C9C6BA65D7}"
	ProjectSection(ProjectDependencies) = postProject
	EndProjectSection
EndProject
Global
	GlobalSection(SolutionConfiguration) = preSolution
		Debug = Debug
		Release = Release
	EndGlobalSection
	GlobalSection(ProjectConfiguration) = postSolution
		{9BF28436-A69F-4E44-989F-44C9C6BA65D7}.Debug.ActiveCfg = Debug|.NET
		{9BF28436-A69F-4E44-989F-44C9C6BA65D7}.Debug.Build.0 = Debug|.NET
		{9BF28436-A69F-4E44-989F-44C9C6BA65D7}.Release.ActiveCfg = Release|.NET
		{9BF28436-A69F-4E44-989F-44C9C6BA65D7}.Release.Build.0 = Release|.NET
	EndGlobalSection
	GlobalSection(ExtensibilityGlobals) = postSolution
	EndGlobalSection
	GlobalSection(ExtensibilityAddIns) = postSolution
	EndGlobalSection
EndGlobal
